// !$*UTF8*$!
{
	archiveVersion = 1;
	classes = {
	};
	objectVersion = 50;
	objects = {

/* Begin PBXBuildFile section */
		AD570DE826BE28290085726E /* GA_TB_Reference_GuideApp.swift in Sources */ = {isa = PBXBuildFile; fileRef = AD570DE726BE28290085726E /* GA_TB_Reference_GuideApp.swift */; };
		AD570DEC26BE282A0085726E /* Assets.xcassets in Resources */ = {isa = PBXBuildFile; fileRef = AD570DEB26BE282A0085726E /* Assets.xcassets */; };
		AD570DEF26BE282A0085726E /* Preview Assets.xcassets in Resources */ = {isa = PBXBuildFile; fileRef = AD570DEE26BE282A0085726E /* Preview Assets.xcassets */; };
		AD570DF926BE2A550085726E /* MainView.swift in Sources */ = {isa = PBXBuildFile; fileRef = AD570DF826BE2A550085726E /* MainView.swift */; };
		AD570DFB26BE2C180085726E /* shader-example.swift in Sources */ = {isa = PBXBuildFile; fileRef = AD570DFA26BE2C180085726E /* shader-example.swift */; };
		AD570DFD26BE2EF70085726E /* GuideView.swift in Sources */ = {isa = PBXBuildFile; fileRef = AD570DFC26BE2EF70085726E /* GuideView.swift */; };
		AD570DFF26BE38400085726E /* ChapterListView.swift in Sources */ = {isa = PBXBuildFile; fileRef = AD570DFE26BE38400085726E /* ChapterListView.swift */; };
		AD570E0126BEAFA90085726E /* SwiftUIWebView.swift in Sources */ = {isa = PBXBuildFile; fileRef = AD570E0026BEAFA90085726E /* SwiftUIWebView.swift */; };
		AD570E0326BEB2630085726E /* ContentView.swift in Sources */ = {isa = PBXBuildFile; fileRef = AD570E0226BEB2630085726E /* ContentView.swift */; };
		AD570E0526BEB3AD0085726E /* II. Diagnostic Tests for Latent TB Infection (LTBI).html in Resources */ = {isa = PBXBuildFile; fileRef = AD570E0426BEB3AD0085726E /* II. Diagnostic Tests for Latent TB Infection (LTBI).html */; };
		AD570E0726BEC2FD0085726E /* I. Epidemiology.html in Resources */ = {isa = PBXBuildFile; fileRef = AD570E0626BEC2FD0085726E /* I. Epidemiology.html */; };
		AD570E0926BEC63A0085726E /* Chapter.swift in Sources */ = {isa = PBXBuildFile; fileRef = AD570E0826BEC63A0085726E /* Chapter.swift */; };
		AD570E0B26BEC7320085726E /* A. Tuberculin Skin Test (TST).html in Resources */ = {isa = PBXBuildFile; fileRef = AD570E0A26BEC7320085726E /* A. Tuberculin Skin Test (TST).html */; };
		AD570E0D26BEC77D0085726E /* B. Criteria for a Positive Tuberculin Test, by Risk Group.html in Resources */ = {isa = PBXBuildFile; fileRef = AD570E0C26BEC77D0085726E /* B. Criteria for a Positive Tuberculin Test, by Risk Group.html */; };
		AD570E0F26BED51B0085726E /* SubChapterListView.swift in Sources */ = {isa = PBXBuildFile; fileRef = AD570E0E26BED51B0085726E /* SubChapterListView.swift */; };
		AD570E1126BED58B0085726E /* Data.swift in Sources */ = {isa = PBXBuildFile; fileRef = AD570E1026BED58B0085726E /* Data.swift */; };
		AD570E1326BF15E50085726E /* SettingsView.swift in Sources */ = {isa = PBXBuildFile; fileRef = AD570E1226BF15E50085726E /* SettingsView.swift */; };
		AD570E1526BF16230085726E /* ContactsView.swift in Sources */ = {isa = PBXBuildFile; fileRef = AD570E1426BF16230085726E /* ContactsView.swift */; };
		AD570E1726BF16BC0085726E /* SavedView.swift in Sources */ = {isa = PBXBuildFile; fileRef = AD570E1626BF16BC0085726E /* SavedView.swift */; };
		AD570E1A26C03FF10085726E /* E. Interferon-γ Release Assays (IGRAs).html in Resources */ = {isa = PBXBuildFile; fileRef = AD570E1926C03FF10085726E /* E. Interferon-γ Release Assays (IGRAs).html */; };
		AD570E1C26C042530085726E /* II. Introduction.html in Resources */ = {isa = PBXBuildFile; fileRef = AD570E1B26C042530085726E /* II. Introduction.html */; };
/* End PBXBuildFile section */

/* Begin PBXFileReference section */
		AD570DE426BE28290085726E /* GA-TB-Reference-Guide.app */ = {isa = PBXFileReference; explicitFileType = wrapper.application; includeInIndex = 0; path = "GA-TB-Reference-Guide.app"; sourceTree = BUILT_PRODUCTS_DIR; };
		AD570DE726BE28290085726E /* GA_TB_Reference_GuideApp.swift */ = {isa = PBXFileReference; lastKnownFileType = sourcecode.swift; path = GA_TB_Reference_GuideApp.swift; sourceTree = "<group>"; };
		AD570DEB26BE282A0085726E /* Assets.xcassets */ = {isa = PBXFileReference; lastKnownFileType = folder.assetcatalog; path = Assets.xcassets; sourceTree = "<group>"; };
		AD570DEE26BE282A0085726E /* Preview Assets.xcassets */ = {isa = PBXFileReference; lastKnownFileType = folder.assetcatalog; path = "Preview Assets.xcassets"; sourceTree = "<group>"; };
		AD570DF026BE282A0085726E /* Info.plist */ = {isa = PBXFileReference; lastKnownFileType = text.plist.xml; path = Info.plist; sourceTree = "<group>"; };
		AD570DF826BE2A550085726E /* MainView.swift */ = {isa = PBXFileReference; lastKnownFileType = sourcecode.swift; path = MainView.swift; sourceTree = "<group>"; };
		AD570DFA26BE2C180085726E /* shader-example.swift */ = {isa = PBXFileReference; lastKnownFileType = sourcecode.swift; path = "shader-example.swift"; sourceTree = "<group>"; };
		AD570DFC26BE2EF70085726E /* GuideView.swift */ = {isa = PBXFileReference; lastKnownFileType = sourcecode.swift; path = GuideView.swift; sourceTree = "<group>"; };
		AD570DFE26BE38400085726E /* ChapterListView.swift */ = {isa = PBXFileReference; lastKnownFileType = sourcecode.swift; path = ChapterListView.swift; sourceTree = "<group>"; };
		AD570E0026BEAFA90085726E /* SwiftUIWebView.swift */ = {isa = PBXFileReference; lastKnownFileType = sourcecode.swift; path = SwiftUIWebView.swift; sourceTree = "<group>"; };
		AD570E0226BEB2630085726E /* ContentView.swift */ = {isa = PBXFileReference; lastKnownFileType = sourcecode.swift; path = ContentView.swift; sourceTree = "<group>"; };
		AD570E0426BEB3AD0085726E /* II. Diagnostic Tests for Latent TB Infection (LTBI).html */ = {isa = PBXFileReference; fileEncoding = 4; lastKnownFileType = text.html; path = "II. Diagnostic Tests for Latent TB Infection (LTBI).html"; sourceTree = "<group>"; };
		AD570E0626BEC2FD0085726E /* I. Epidemiology.html */ = {isa = PBXFileReference; fileEncoding = 4; lastKnownFileType = text.html; path = "I. Epidemiology.html"; sourceTree = "<group>"; };
		AD570E0826BEC63A0085726E /* Chapter.swift */ = {isa = PBXFileReference; lastKnownFileType = sourcecode.swift; path = Chapter.swift; sourceTree = "<group>"; };
		AD570E0A26BEC7320085726E /* A. Tuberculin Skin Test (TST).html */ = {isa = PBXFileReference; fileEncoding = 4; lastKnownFileType = text.html; path = "A. Tuberculin Skin Test (TST).html"; sourceTree = "<group>"; };
		AD570E0C26BEC77D0085726E /* B. Criteria for a Positive Tuberculin Test, by Risk Group.html */ = {isa = PBXFileReference; fileEncoding = 4; lastKnownFileType = text.html; path = "B. Criteria for a Positive Tuberculin Test, by Risk Group.html"; sourceTree = "<group>"; };
		AD570E0E26BED51B0085726E /* SubChapterListView.swift */ = {isa = PBXFileReference; lastKnownFileType = sourcecode.swift; path = SubChapterListView.swift; sourceTree = "<group>"; };
		AD570E1026BED58B0085726E /* Data.swift */ = {isa = PBXFileReference; lastKnownFileType = sourcecode.swift; path = Data.swift; sourceTree = "<group>"; };
		AD570E1226BF15E50085726E /* SettingsView.swift */ = {isa = PBXFileReference; lastKnownFileType = sourcecode.swift; path = SettingsView.swift; sourceTree = "<group>"; };
		AD570E1426BF16230085726E /* ContactsView.swift */ = {isa = PBXFileReference; lastKnownFileType = sourcecode.swift; path = ContactsView.swift; sourceTree = "<group>"; };
		AD570E1626BF16BC0085726E /* SavedView.swift */ = {isa = PBXFileReference; lastKnownFileType = sourcecode.swift; path = SavedView.swift; sourceTree = "<group>"; };
		AD570E1926C03FF10085726E /* E. Interferon-γ Release Assays (IGRAs).html */ = {isa = PBXFileReference; fileEncoding = 4; lastKnownFileType = text.html; path = "E. Interferon-γ Release Assays (IGRAs).html"; sourceTree = "<group>"; };
		AD570E1B26C042530085726E /* II. Introduction.html */ = {isa = PBXFileReference; fileEncoding = 4; lastKnownFileType = text.html; path = "II. Introduction.html"; sourceTree = "<group>"; };
/* End PBXFileReference section */

/* Begin PBXFrameworksBuildPhase section */
		AD570DE126BE28290085726E /* Frameworks */ = {
			isa = PBXFrameworksBuildPhase;
			buildActionMask = 2147483647;
			files = (
			);
			runOnlyForDeploymentPostprocessing = 0;
		};
/* End PBXFrameworksBuildPhase section */

/* Begin PBXGroup section */
		AD570DDB26BE28290085726E = {
			isa = PBXGroup;
			children = (
				AD570DE626BE28290085726E /* GA-TB-Reference-Guide */,
				AD570DE526BE28290085726E /* Products */,
			);
			sourceTree = "<group>";
		};
		AD570DE526BE28290085726E /* Products */ = {
			isa = PBXGroup;
			children = (
				AD570DE426BE28290085726E /* GA-TB-Reference-Guide.app */,
			);
			name = Products;
			sourceTree = "<group>";
		};
		AD570DE626BE28290085726E /* GA-TB-Reference-Guide */ = {
			isa = PBXGroup;
			children = (
				AD570DF826BE2A550085726E /* MainView.swift */,
				AD570DFC26BE2EF70085726E /* GuideView.swift */,
				AD570DFE26BE38400085726E /* ChapterListView.swift */,
				AD570E0E26BED51B0085726E /* SubChapterListView.swift */,
				AD570E1626BF16BC0085726E /* SavedView.swift */,
				AD570E1426BF16230085726E /* ContactsView.swift */,
				AD570E1226BF15E50085726E /* SettingsView.swift */,
				AD570E1026BED58B0085726E /* Data.swift */,
				AD570E0826BEC63A0085726E /* Chapter.swift */,
				AD570E0226BEB2630085726E /* ContentView.swift */,
				AD570E0026BEAFA90085726E /* SwiftUIWebView.swift */,
				AD570DE726BE28290085726E /* GA_TB_Reference_GuideApp.swift */,
				AD570DFA26BE2C180085726E /* shader-example.swift */,
				AD570DEB26BE282A0085726E /* Assets.xcassets */,
				AD570E1826BF20BD0085726E /* content */,
				AD570DF026BE282A0085726E /* Info.plist */,
				AD570DED26BE282A0085726E /* Preview Content */,
			);
			path = "GA-TB-Reference-Guide";
			sourceTree = "<group>";
		};
		AD570DED26BE282A0085726E /* Preview Content */ = {
			isa = PBXGroup;
			children = (
				AD570DEE26BE282A0085726E /* Preview Assets.xcassets */,
			);
			path = "Preview Content";
			sourceTree = "<group>";
		};
		AD570E1826BF20BD0085726E /* content */ = {
			isa = PBXGroup;
			children = (
				AD570E0626BEC2FD0085726E /* I. Epidemiology.html */,
				AD570E0426BEB3AD0085726E /* II. Diagnostic Tests for Latent TB Infection (LTBI).html */,
				AD570E1B26C042530085726E /* II. Introduction.html */,
				AD570E0A26BEC7320085726E /* A. Tuberculin Skin Test (TST).html */,
				AD570E0C26BEC77D0085726E /* B. Criteria for a Positive Tuberculin Test, by Risk Group.html */,
				AD570E1926C03FF10085726E /* E. Interferon-γ Release Assays (IGRAs).html */,
			);
			path = content;
			sourceTree = "<group>";
		};
/* End PBXGroup section */

/* Begin PBXNativeTarget section */
		AD570DE326BE28290085726E /* GA-TB-Reference-Guide */ = {
			isa = PBXNativeTarget;
			buildConfigurationList = AD570DF326BE282A0085726E /* Build configuration list for PBXNativeTarget "GA-TB-Reference-Guide" */;
			buildPhases = (
				AD570DE026BE28290085726E /* Sources */,
				AD570DE126BE28290085726E /* Frameworks */,
				AD570DE226BE28290085726E /* Resources */,
			);
			buildRules = (
			);
			dependencies = (
			);
			name = "GA-TB-Reference-Guide";
			productName = "GA-TB-Reference-Guide";
			productReference = AD570DE426BE28290085726E /* GA-TB-Reference-Guide.app */;
			productType = "com.apple.product-type.application";
		};
/* End PBXNativeTarget section */

/* Begin PBXProject section */
		AD570DDC26BE28290085726E /* Project object */ = {
			isa = PBXProject;
			attributes = {
				LastSwiftUpdateCheck = 1250;
				LastUpgradeCheck = 1250;
				TargetAttributes = {
					AD570DE326BE28290085726E = {
						CreatedOnToolsVersion = 12.5.1;
					};
				};
			};
			buildConfigurationList = AD570DDF26BE28290085726E /* Build configuration list for PBXProject "GA-TB-Reference-Guide" */;
			compatibilityVersion = "Xcode 9.3";
			developmentRegion = en;
			hasScannedForEncodings = 0;
			knownRegions = (
				en,
				Base,
			);
			mainGroup = AD570DDB26BE28290085726E;
			productRefGroup = AD570DE526BE28290085726E /* Products */;
			projectDirPath = "";
			projectRoot = "";
			targets = (
				AD570DE326BE28290085726E /* GA-TB-Reference-Guide */,
			);
		};
/* End PBXProject section */

/* Begin PBXResourcesBuildPhase section */
		AD570DE226BE28290085726E /* Resources */ = {
			isa = PBXResourcesBuildPhase;
			buildActionMask = 2147483647;
			files = (
				AD570E1A26C03FF10085726E /* E. Interferon-γ Release Assays (IGRAs).html in Resources */,
				AD570E0D26BEC77D0085726E /* B. Criteria for a Positive Tuberculin Test, by Risk Group.html in Resources */,
				AD570E1C26C042530085726E /* II. Introduction.html in Resources */,
				AD570E0526BEB3AD0085726E /* II. Diagnostic Tests for Latent TB Infection (LTBI).html in Resources */,
				AD570DEF26BE282A0085726E /* Preview Assets.xcassets in Resources */,
				AD570E0B26BEC7320085726E /* A. Tuberculin Skin Test (TST).html in Resources */,
				AD570E0726BEC2FD0085726E /* I. Epidemiology.html in Resources */,
				AD570DEC26BE282A0085726E /* Assets.xcassets in Resources */,
			);
			runOnlyForDeploymentPostprocessing = 0;
		};
/* End PBXResourcesBuildPhase section */

/* Begin PBXSourcesBuildPhase section */
		AD570DE026BE28290085726E /* Sources */ = {
			isa = PBXSourcesBuildPhase;
			buildActionMask = 2147483647;
			files = (
				AD570DFB26BE2C180085726E /* shader-example.swift in Sources */,
				AD570DF926BE2A550085726E /* MainView.swift in Sources */,
				AD570E0F26BED51B0085726E /* SubChapterListView.swift in Sources */,
				AD570E1526BF16230085726E /* ContactsView.swift in Sources */,
				AD570E0326BEB2630085726E /* ContentView.swift in Sources */,
				AD570E1126BED58B0085726E /* Data.swift in Sources */,
				AD570E1726BF16BC0085726E /* SavedView.swift in Sources */,
				AD570DE826BE28290085726E /* GA_TB_Reference_GuideApp.swift in Sources */,
				AD570E0126BEAFA90085726E /* SwiftUIWebView.swift in Sources */,
				AD570DFD26BE2EF70085726E /* GuideView.swift in Sources */,
				AD570DFF26BE38400085726E /* ChapterListView.swift in Sources */,
				AD570E0926BEC63A0085726E /* Chapter.swift in Sources */,
				AD570E1326BF15E50085726E /* SettingsView.swift in Sources */,
			);
			runOnlyForDeploymentPostprocessing = 0;
		};
/* End PBXSourcesBuildPhase section */

/* Begin XCBuildConfiguration section */
		AD570DF126BE282A0085726E /* Debug */ = {
			isa = XCBuildConfiguration;
			buildSettings = {
				ALWAYS_SEARCH_USER_PATHS = NO;
				CLANG_ANALYZER_NONNULL = YES;
				CLANG_ANALYZER_NUMBER_OBJECT_CONVERSION = YES_AGGRESSIVE;
				CLANG_CXX_LANGUAGE_STANDARD = "gnu++14";
				CLANG_CXX_LIBRARY = "libc++";
				CLANG_ENABLE_MODULES = YES;
				CLANG_ENABLE_OBJC_ARC = YES;
				CLANG_ENABLE_OBJC_WEAK = YES;
				CLANG_WARN_BLOCK_CAPTURE_AUTORELEASING = YES;
				CLANG_WARN_BOOL_CONVERSION = YES;
				CLANG_WARN_COMMA = YES;
				CLANG_WARN_CONSTANT_CONVERSION = YES;
				CLANG_WARN_DEPRECATED_OBJC_IMPLEMENTATIONS = YES;
				CLANG_WARN_DIRECT_OBJC_ISA_USAGE = YES_ERROR;
				CLANG_WARN_DOCUMENTATION_COMMENTS = YES;
				CLANG_WARN_EMPTY_BODY = YES;
				CLANG_WARN_ENUM_CONVERSION = YES;
				CLANG_WARN_INFINITE_RECURSION = YES;
				CLANG_WARN_INT_CONVERSION = YES;
				CLANG_WARN_NON_LITERAL_NULL_CONVERSION = YES;
				CLANG_WARN_OBJC_IMPLICIT_RETAIN_SELF = YES;
				CLANG_WARN_OBJC_LITERAL_CONVERSION = YES;
				CLANG_WARN_OBJC_ROOT_CLASS = YES_ERROR;
				CLANG_WARN_QUOTED_INCLUDE_IN_FRAMEWORK_HEADER = YES;
				CLANG_WARN_RANGE_LOOP_ANALYSIS = YES;
				CLANG_WARN_STRICT_PROTOTYPES = YES;
				CLANG_WARN_SUSPICIOUS_MOVE = YES;
				CLANG_WARN_UNGUARDED_AVAILABILITY = YES_AGGRESSIVE;
				CLANG_WARN_UNREACHABLE_CODE = YES;
				CLANG_WARN__DUPLICATE_METHOD_MATCH = YES;
				COPY_PHASE_STRIP = NO;
				DEBUG_INFORMATION_FORMAT = dwarf;
				ENABLE_STRICT_OBJC_MSGSEND = YES;
				ENABLE_TESTABILITY = YES;
				GCC_C_LANGUAGE_STANDARD = gnu11;
				GCC_DYNAMIC_NO_PIC = NO;
				GCC_NO_COMMON_BLOCKS = YES;
				GCC_OPTIMIZATION_LEVEL = 0;
				GCC_PREPROCESSOR_DEFINITIONS = (
					"DEBUG=1",
					"$(inherited)",
				);
				GCC_WARN_64_TO_32_BIT_CONVERSION = YES;
				GCC_WARN_ABOUT_RETURN_TYPE = YES_ERROR;
				GCC_WARN_UNDECLARED_SELECTOR = YES;
				GCC_WARN_UNINITIALIZED_AUTOS = YES_AGGRESSIVE;
				GCC_WARN_UNUSED_FUNCTION = YES;
				GCC_WARN_UNUSED_VARIABLE = YES;
				IPHONEOS_DEPLOYMENT_TARGET = 14.5;
				MTL_ENABLE_DEBUG_INFO = INCLUDE_SOURCE;
				MTL_FAST_MATH = YES;
				ONLY_ACTIVE_ARCH = YES;
				SDKROOT = iphoneos;
				SWIFT_ACTIVE_COMPILATION_CONDITIONS = DEBUG;
				SWIFT_OPTIMIZATION_LEVEL = "-Onone";
			};
			name = Debug;
		};
		AD570DF226BE282A0085726E /* Release */ = {
			isa = XCBuildConfiguration;
			buildSettings = {
				ALWAYS_SEARCH_USER_PATHS = NO;
				CLANG_ANALYZER_NONNULL = YES;
				CLANG_ANALYZER_NUMBER_OBJECT_CONVERSION = YES_AGGRESSIVE;
				CLANG_CXX_LANGUAGE_STANDARD = "gnu++14";
				CLANG_CXX_LIBRARY = "libc++";
				CLANG_ENABLE_MODULES = YES;
				CLANG_ENABLE_OBJC_ARC = YES;
				CLANG_ENABLE_OBJC_WEAK = YES;
				CLANG_WARN_BLOCK_CAPTURE_AUTORELEASING = YES;
				CLANG_WARN_BOOL_CONVERSION = YES;
				CLANG_WARN_COMMA = YES;
				CLANG_WARN_CONSTANT_CONVERSION = YES;
				CLANG_WARN_DEPRECATED_OBJC_IMPLEMENTATIONS = YES;
				CLANG_WARN_DIRECT_OBJC_ISA_USAGE = YES_ERROR;
				CLANG_WARN_DOCUMENTATION_COMMENTS = YES;
				CLANG_WARN_EMPTY_BODY = YES;
				CLANG_WARN_ENUM_CONVERSION = YES;
				CLANG_WARN_INFINITE_RECURSION = YES;
				CLANG_WARN_INT_CONVERSION = YES;
				CLANG_WARN_NON_LITERAL_NULL_CONVERSION = YES;
				CLANG_WARN_OBJC_IMPLICIT_RETAIN_SELF = YES;
				CLANG_WARN_OBJC_LITERAL_CONVERSION = YES;
				CLANG_WARN_OBJC_ROOT_CLASS = YES_ERROR;
				CLANG_WARN_QUOTED_INCLUDE_IN_FRAMEWORK_HEADER = YES;
				CLANG_WARN_RANGE_LOOP_ANALYSIS = YES;
				CLANG_WARN_STRICT_PROTOTYPES = YES;
				CLANG_WARN_SUSPICIOUS_MOVE = YES;
				CLANG_WARN_UNGUARDED_AVAILABILITY = YES_AGGRESSIVE;
				CLANG_WARN_UNREACHABLE_CODE = YES;
				CLANG_WARN__DUPLICATE_METHOD_MATCH = YES;
				COPY_PHASE_STRIP = NO;
				DEBUG_INFORMATION_FORMAT = "dwarf-with-dsym";
				ENABLE_NS_ASSERTIONS = NO;
				ENABLE_STRICT_OBJC_MSGSEND = YES;
				GCC_C_LANGUAGE_STANDARD = gnu11;
				GCC_NO_COMMON_BLOCKS = YES;
				GCC_WARN_64_TO_32_BIT_CONVERSION = YES;
				GCC_WARN_ABOUT_RETURN_TYPE = YES_ERROR;
				GCC_WARN_UNDECLARED_SELECTOR = YES;
				GCC_WARN_UNINITIALIZED_AUTOS = YES_AGGRESSIVE;
				GCC_WARN_UNUSED_FUNCTION = YES;
				GCC_WARN_UNUSED_VARIABLE = YES;
				IPHONEOS_DEPLOYMENT_TARGET = 14.5;
				MTL_ENABLE_DEBUG_INFO = NO;
				MTL_FAST_MATH = YES;
				SDKROOT = iphoneos;
				SWIFT_COMPILATION_MODE = wholemodule;
				SWIFT_OPTIMIZATION_LEVEL = "-O";
				VALIDATE_PRODUCT = YES;
			};
			name = Release;
		};
		AD570DF426BE282A0085726E /* Debug */ = {
			isa = XCBuildConfiguration;
			buildSettings = {
				ASSETCATALOG_COMPILER_APPICON_NAME = AppIcon;
				ASSETCATALOG_COMPILER_GLOBAL_ACCENT_COLOR_NAME = AccentColor;
				CODE_SIGN_STYLE = Automatic;
				DEVELOPMENT_ASSET_PATHS = "\"GA-TB-Reference-Guide/Preview Content\"";
				DEVELOPMENT_TEAM = A4P72ND4RJ;
				ENABLE_PREVIEWS = YES;
				INFOPLIST_FILE = "GA-TB-Reference-Guide/Info.plist";
				IPHONEOS_DEPLOYMENT_TARGET = 14.0;
				LD_RUNPATH_SEARCH_PATHS = (
					"$(inherited)",
					"@executable_path/Frameworks",
				);
				PRODUCT_BUNDLE_IDENTIFIER = "org.apphatchery.GA-TB-Reference-Guide";
				PRODUCT_NAME = "$(TARGET_NAME)";
				SWIFT_VERSION = 5.0;
				TARGETED_DEVICE_FAMILY = "1,2";
			};
			name = Debug;
		};
		AD570DF526BE282A0085726E /* Release */ = {
			isa = XCBuildConfiguration;
			buildSettings = {
				ASSETCATALOG_COMPILER_APPICON_NAME = AppIcon;
				ASSETCATALOG_COMPILER_GLOBAL_ACCENT_COLOR_NAME = AccentColor;
				CODE_SIGN_STYLE = Automatic;
				DEVELOPMENT_ASSET_PATHS = "\"GA-TB-Reference-Guide/Preview Content\"";
				DEVELOPMENT_TEAM = A4P72ND4RJ;
				ENABLE_PREVIEWS = YES;
				INFOPLIST_FILE = "GA-TB-Reference-Guide/Info.plist";
				IPHONEOS_DEPLOYMENT_TARGET = 14.0;
				LD_RUNPATH_SEARCH_PATHS = (
					"$(inherited)",
					"@executable_path/Frameworks",
				);
				PRODUCT_BUNDLE_IDENTIFIER = "org.apphatchery.GA-TB-Reference-Guide";
				PRODUCT_NAME = "$(TARGET_NAME)";
				SWIFT_VERSION = 5.0;
				TARGETED_DEVICE_FAMILY = "1,2";
			};
			name = Release;
		};
/* End XCBuildConfiguration section */

/* Begin XCConfigurationList section */
		AD570DDF26BE28290085726E /* Build configuration list for PBXProject "GA-TB-Reference-Guide" */ = {
			isa = XCConfigurationList;
			buildConfigurations = (
				AD570DF126BE282A0085726E /* Debug */,
				AD570DF226BE282A0085726E /* Release */,
			);
			defaultConfigurationIsVisible = 0;
			defaultConfigurationName = Release;
		};
		AD570DF326BE282A0085726E /* Build configuration list for PBXNativeTarget "GA-TB-Reference-Guide" */ = {
			isa = XCConfigurationList;
			buildConfigurations = (
				AD570DF426BE282A0085726E /* Debug */,
				AD570DF526BE282A0085726E /* Release */,
			);
			defaultConfigurationIsVisible = 0;
			defaultConfigurationName = Release;
		};
/* End XCConfigurationList section */
	};
	rootObject = AD570DDC26BE28290085726E /* Project object */;
}
